
Microsoft Visual Studio Solution File, Format Version 12.00
# Visual Studio Version 17
VisualStudioVersion = 17.12.35506.116
MinimumVisualStudioVersion = 10.0.40219.1
Project("{FAE04EC0-301F-11D3-BF4B-00C04F79EFBC}") = "SignalboxAPI", "SignalboxAPI\SignalboxAPI.csproj", "{596C4934-FD9F-4CB1-9FA9-7DC2AC29789C}"
	ProjectSection(ProjectDependencies) = postProject
		{52AB4436-A7A8-473A-A658-3ABFE3231525} = {52AB4436-A7A8-473A-A658-3ABFE3231525}
	EndProjectSection
EndProject
Project("{FAE04EC0-301F-11D3-BF4B-00C04F79EFBC}") = "Signalbox.Shared", "Signalbox.Shared\Signalbox.Shared.csproj", "{52AB4436-A7A8-473A-A658-3ABFE3231525}"
EndProject
Global
	GlobalSection(SolutionConfigurationPlatforms) = preSolution
		Debug|Any CPU = Debug|Any CPU
		Release|Any CPU = Release|Any CPU
	EndGlobalSection
	GlobalSection(ProjectConfigurationPlatforms) = postSolution
		{596C4934-FD9F-4CB1-9FA9-7DC2AC29789C}.Debug|Any CPU.ActiveCfg = Debug|Any CPU
		{596C4934-FD9F-4CB1-9FA9-7DC2AC29789C}.Debug|Any CPU.Build.0 = Debug|Any CPU
		{596C4934-FD9F-4CB1-9FA9-7DC2AC29789C}.Release|Any CPU.ActiveCfg = Release|Any CPU
		{596C4934-FD9F-4CB1-9FA9-7DC2AC29789C}.Release|Any CPU.Build.0 = Release|Any CPU
		{52AB4436-A7A8-473A-A658-3ABFE3231525}.Debug|Any CPU.ActiveCfg = Debug|Any CPU
		{52AB4436-A7A8-473A-A658-3ABFE3231525}.Debug|Any CPU.Build.0 = Debug|Any CPU
		{52AB4436-A7A8-473A-A658-3ABFE3231525}.Release|Any CPU.ActiveCfg = Release|Any CPU
		{52AB4436-A7A8-473A-A658-3ABFE3231525}.Release|Any CPU.Build.0 = Release|Any CPU
	EndGlobalSection
	GlobalSection(SolutionProperties) = preSolution
		HideSolutionNode = FALSE
	EndGlobalSection
EndGlobal
